
Microsoft Visual Studio Solution File, Format Version 12.00
# Visual Studio Version 17
VisualStudioVersion = 17.3.32922.545
MinimumVisualStudioVersion = 10.0.40219.1
Project("{FAE04EC0-301F-11D3-BF4B-00C04F79EFBC}") = "BlizzardApiProxy", "BlizzardApiProxy\BlizzardApiProxy.csproj", "{AC0730D5-10CF-4B78-8C31-ED6B66E0C5B7}"
EndProject
Global
	GlobalSection(SolutionConfigurationPlatforms) = preSolution
		Debug|Any CPU = Debug|Any CPU
		Release|Any CPU = Release|Any CPU
	EndGlobalSection
	GlobalSection(ProjectConfigurationPlatforms) = postSolution
		{AC0730D5-10CF-4B78-8C31-ED6B66E0C5B7}.Debug|Any CPU.ActiveCfg = Debug|Any CPU
		{AC0730D5-10CF-4B78-8C31-ED6B66E0C5B7}.Debug|Any CPU.Build.0 = Debug|Any CPU
		{AC0730D5-10CF-4B78-8C31-ED6B66E0C5B7}.Release|Any CPU.ActiveCfg = Release|Any CPU
		{AC0730D5-10CF-4B78-8C31-ED6B66E0C5B7}.Release|Any CPU.Build.0 = Release|Any CPU
	EndGlobalSection
	GlobalSection(SolutionProperties) = preSolution
		HideSolutionNode = FALSE
	EndGlobalSection
	GlobalSection(ExtensibilityGlobals) = postSolution
		SolutionGuid = {83EE5740-83FE-48A6-A486-1D3C7C34914A}
	EndGlobalSection
EndGlobal
